
Microsoft Visual Studio Solution File, Format Version 12.00
# Visual Studio Version 17
VisualStudioVersion = 17.4.33103.184
MinimumVisualStudioVersion = 10.0.40219.1
Project("{FAE04EC0-301F-11D3-BF4B-00C04F79EFBC}") = "vaclavelias.github.io", "vaclavelias.github.io\vaclavelias.github.io.csproj", "{940A0EC8-4B0B-4EF9-8CB5-C63023519848}"
EndProject
Global
	GlobalSection(SolutionConfigurationPlatforms) = preSolution
		Debug|Any CPU = Debug|Any CPU
		Release|Any CPU = Release|Any CPU
	EndGlobalSection
	GlobalSection(ProjectConfigurationPlatforms) = postSolution
		{940A0EC8-4B0B-4EF9-8CB5-C63023519848}.Debug|Any CPU.ActiveCfg = Debug|Any CPU
		{940A0EC8-4B0B-4EF9-8CB5-C63023519848}.Debug|Any CPU.Build.0 = Debug|Any CPU
		{940A0EC8-4B0B-4EF9-8CB5-C63023519848}.Release|Any CPU.ActiveCfg = Release|Any CPU
		{940A0EC8-4B0B-4EF9-8CB5-C63023519848}.Release|Any CPU.Build.0 = Release|Any CPU
	EndGlobalSection
	GlobalSection(SolutionProperties) = preSolution
		HideSolutionNode = FALSE
	EndGlobalSection
	GlobalSection(ExtensibilityGlobals) = postSolution
		SolutionGuid = {2186F26A-D5CE-44BD-B440-E3E50C35F9C6}
	EndGlobalSection
EndGlobal
